
Microsoft Visual Studio Solution File, Format Version 12.00
# Visual Studio 15
Project("{FAE04EC0-301F-11D3-BF4B-00C04F79EFBC}") = "Z-infect", "Z-infect.csproj", "{E1FE7939-9CD3-31A6-54CF-E9BE5AD38EE7}"
EndProject
Global
	GlobalSection(SolutionConfigurationPlatforms) = preSolution
		Debug|Any CPU = Debug|Any CPU
		Release|Any CPU = Release|Any CPU
	EndGlobalSection
	GlobalSection(ProjectConfigurationPlatforms) = postSolution
		{E1FE7939-9CD3-31A6-54CF-E9BE5AD38EE7}.Debug|Any CPU.ActiveCfg = Debug|Any CPU
		{E1FE7939-9CD3-31A6-54CF-E9BE5AD38EE7}.Debug|Any CPU.Build.0 = Debug|Any CPU
		{E1FE7939-9CD3-31A6-54CF-E9BE5AD38EE7}.Release|Any CPU.ActiveCfg = Release|Any CPU
		{E1FE7939-9CD3-31A6-54CF-E9BE5AD38EE7}.Release|Any CPU.Build.0 = Release|Any CPU
	EndGlobalSection
	GlobalSection(SolutionProperties) = preSolution
		HideSolutionNode = FALSE
	EndGlobalSection
EndGlobal
